
Microsoft Visual Studio Solution File, Format Version 12.00
# Visual Studio Version 16
VisualStudioVersion = 16.0.30011.22
MinimumVisualStudioVersion = 10.0.40219.1
Project("{FAE04EC0-301F-11D3-BF4B-00C04F79EFBC}") = "MyBlog", "MyBlog\MyBlog.csproj", "{7755B3A1-0E2F-427F-A390-A9DC46B1935E}"
EndProject
Global
	GlobalSection(SolutionConfigurationPlatforms) = preSolution
		Debug|Any CPU = Debug|Any CPU
		Release|Any CPU = Release|Any CPU
	EndGlobalSection
	GlobalSection(ProjectConfigurationPlatforms) = postSolution
		{7755B3A1-0E2F-427F-A390-A9DC46B1935E}.Debug|Any CPU.ActiveCfg = Debug|Any CPU
		{7755B3A1-0E2F-427F-A390-A9DC46B1935E}.Debug|Any CPU.Build.0 = Debug|Any CPU
		{7755B3A1-0E2F-427F-A390-A9DC46B1935E}.Release|Any CPU.ActiveCfg = Release|Any CPU
		{7755B3A1-0E2F-427F-A390-A9DC46B1935E}.Release|Any CPU.Build.0 = Release|Any CPU
	EndGlobalSection
	GlobalSection(SolutionProperties) = preSolution
		HideSolutionNode = FALSE
	EndGlobalSection
	GlobalSection(ExtensibilityGlobals) = postSolution
		SolutionGuid = {D2063F4E-39BD-4648-B3EE-D96328BC94CD}
	EndGlobalSection
EndGlobal
